// !$*UTF8*$!
{
	archiveVersion = 1;
	classes = {
	};
	objectVersion = 46;
	objects = {

/* Begin PBXBuildFile section */
		00872C591EC2245C00542D22 /* AppDelegate.m in Sources */ = {isa = PBXBuildFile; fileRef = 00872C581EC2245C00542D22 /* AppDelegate.m */; };
		00872C5C1EC2245C00542D22 /* main.m in Sources */ = {isa = PBXBuildFile; fileRef = 00872C5B1EC2245C00542D22 /* main.m */; };
		00872C5E1EC2245C00542D22 /* Assets.xcassets in Resources */ = {isa = PBXBuildFile; fileRef = 00872C5D1EC2245C00542D22 /* Assets.xcassets */; };
		00872C611EC2245C00542D22 /* MainMenu.xib in Resources */ = {isa = PBXBuildFile; fileRef = 00872C5F1EC2245C00542D22 /* MainMenu.xib */; };
		00872C6B1EC225DE00542D22 /* mainWin.m in Sources */ = {isa = PBXBuildFile; fileRef = 00872C691EC225DE00542D22 /* mainWin.m */; };
		00872C6C1EC225DE00542D22 /* mainWin.xib in Resources */ = {isa = PBXBuildFile; fileRef = 00872C6A1EC225DE00542D22 /* mainWin.xib */; };
		00872C6F1EC2288100542D22 /* WebKit.framework in Frameworks */ = {isa = PBXBuildFile; fileRef = 00872C6E1EC2288100542D22 /* WebKit.framework */; };
		00B7F1991EC9D38F00C14D6A /* webdelegate.m in Sources */ = {isa = PBXBuildFile; fileRef = 00B7F1981EC9D38F00C14D6A /* webdelegate.m */; };
		00B7F1A21ECDE31700C14D6A /* BuyController.m in Sources */ = {isa = PBXBuildFile; fileRef = 00B7F19A1ECDE31700C14D6A /* BuyController.m */; };
		00B7F1A31ECDE31700C14D6A /* RegController.m in Sources */ = {isa = PBXBuildFile; fileRef = 00B7F19D1ECDE31700C14D6A /* RegController.m */; };
		00B7F1A41ECDE31700C14D6A /* BuyController.xib in Resources */ = {isa = PBXBuildFile; fileRef = 00B7F19F1ECDE31700C14D6A /* BuyController.xib */; };
		00B7F1A51ECDE31700C14D6A /* AboutController.xib in Resources */ = {isa = PBXBuildFile; fileRef = 00B7F1A01ECDE31700C14D6A /* AboutController.xib */; };
		00B7F1A61ECDE31700C14D6A /* AboutController.m in Sources */ = {isa = PBXBuildFile; fileRef = 00B7F1A11ECDE31700C14D6A /* AboutController.m */; };
		00B7F1A91ECDE36E00C14D6A /* RegController.xib in Resources */ = {isa = PBXBuildFile; fileRef = 00B7F1A81ECDE36E00C14D6A /* RegController.xib */; };
/* End PBXBuildFile section */

/* Begin PBXFileReference section */
		00872C541EC2245C00542D22 /* vbkbrowser.app */ = {isa = PBXFileReference; explicitFileType = wrapper.application; includeInIndex = 0; path = vbkbrowser.app; sourceTree = BUILT_PRODUCTS_DIR; };
		00872C571EC2245C00542D22 /* AppDelegate.h */ = {isa = PBXFileReference; lastKnownFileType = sourcecode.c.h; path = AppDelegate.h; sourceTree = "<group>"; };
		00872C581EC2245C00542D22 /* AppDelegate.m */ = {isa = PBXFileReference; lastKnownFileType = sourcecode.c.objc; path = AppDelegate.m; sourceTree = "<group>"; };
		00872C5B1EC2245C00542D22 /* main.m */ = {isa = PBXFileReference; lastKnownFileType = sourcecode.c.objc; path = main.m; sourceTree = "<group>"; };
		00872C5D1EC2245C00542D22 /* Assets.xcassets */ = {isa = PBXFileReference; lastKnownFileType = folder.assetcatalog; path = Assets.xcassets; sourceTree = "<group>"; };
		00872C601EC2245C00542D22 /* Base */ = {isa = PBXFileReference; lastKnownFileType = file.xib; name = Base; path = Base.lproj/MainMenu.xib; sourceTree = "<group>"; };
		00872C621EC2245C00542D22 /* Info.plist */ = {isa = PBXFileReference; lastKnownFileType = text.plist.xml; path = Info.plist; sourceTree = "<group>"; };
		00872C681EC225DE00542D22 /* mainWin.h */ = {isa = PBXFileReference; fileEncoding = 4; lastKnownFileType = sourcecode.c.h; path = mainWin.h; sourceTree = "<group>"; };
		00872C691EC225DE00542D22 /* mainWin.m */ = {isa = PBXFileReference; fileEncoding = 4; lastKnownFileType = sourcecode.c.objc; path = mainWin.m; sourceTree = "<group>"; };
		00872C6A1EC225DE00542D22 /* mainWin.xib */ = {isa = PBXFileReference; fileEncoding = 4; lastKnownFileType = file.xib; path = mainWin.xib; sourceTree = "<group>"; };
		00872C6E1EC2288100542D22 /* WebKit.framework */ = {isa = PBXFileReference; lastKnownFileType = wrapper.framework; name = WebKit.framework; path = System/Library/Frameworks/WebKit.framework; sourceTree = SDKROOT; };
		00B7F1971EC9D38F00C14D6A /* webdelegate.h */ = {isa = PBXFileReference; fileEncoding = 4; lastKnownFileType = sourcecode.c.h; path = webdelegate.h; sourceTree = "<group>"; };
		00B7F1981EC9D38F00C14D6A /* webdelegate.m */ = {isa = PBXFileReference; fileEncoding = 4; lastKnownFileType = sourcecode.c.objc; path = webdelegate.m; sourceTree = "<group>"; };
		00B7F19A1ECDE31700C14D6A /* BuyController.m */ = {isa = PBXFileReference; fileEncoding = 4; lastKnownFileType = sourcecode.c.objc; path = BuyController.m; sourceTree = "<group>"; };
		00B7F19B1ECDE31700C14D6A /* BuyController.h */ = {isa = PBXFileReference; fileEncoding = 4; lastKnownFileType = sourcecode.c.h; path = BuyController.h; sourceTree = "<group>"; };
		00B7F19C1ECDE31700C14D6A /* const.h */ = {isa = PBXFileReference; fileEncoding = 4; lastKnownFileType = sourcecode.c.h; path = const.h; sourceTree = "<group>"; };
		00B7F19D1ECDE31700C14D6A /* RegController.m */ = {isa = PBXFileReference; fileEncoding = 4; lastKnownFileType = sourcecode.c.objc; path = RegController.m; sourceTree = "<group>"; };
		00B7F19E1ECDE31700C14D6A /* RegController.h */ = {isa = PBXFileReference; fileEncoding = 4; lastKnownFileType = sourcecode.c.h; path = RegController.h; sourceTree = "<group>"; };
		00B7F19F1ECDE31700C14D6A /* BuyController.xib */ = {isa = PBXFileReference; fileEncoding = 4; lastKnownFileType = file.xib; path = BuyController.xib; sourceTree = "<group>"; };
		00B7F1A01ECDE31700C14D6A /* AboutController.xib */ = {isa = PBXFileReference; fileEncoding = 4; lastKnownFileType = file.xib; path = AboutController.xib; sourceTree = "<group>"; };
		00B7F1A11ECDE31700C14D6A /* AboutController.m */ = {isa = PBXFileReference; fileEncoding = 4; lastKnownFileType = sourcecode.c.objc; path = AboutController.m; sourceTree = "<group>"; };
		00B7F1A71ECDE36E00C14D6A /* AboutController.h */ = {isa = PBXFileReference; fileEncoding = 4; lastKnownFileType = sourcecode.c.h; path = AboutController.h; sourceTree = "<group>"; };
		00B7F1A81ECDE36E00C14D6A /* RegController.xib */ = {isa = PBXFileReference; fileEncoding = 4; lastKnownFileType = file.xib; path = RegController.xib; sourceTree = "<group>"; };
/* End PBXFileReference section */

/* Begin PBXFrameworksBuildPhase section */
		00872C511EC2245C00542D22 /* Frameworks */ = {
			isa = PBXFrameworksBuildPhase;
			buildActionMask = 2147483647;
			files = (
				00872C6F1EC2288100542D22 /* WebKit.framework in Frameworks */,
			);
			runOnlyForDeploymentPostprocessing = 0;
		};
/* End PBXFrameworksBuildPhase section */

/* Begin PBXGroup section */
		00872C4B1EC2245B00542D22 = {
			isa = PBXGroup;
			children = (
				00872C561EC2245C00542D22 /* vbkbrowser */,
				00872C551EC2245C00542D22 /* Products */,
				00872C6D1EC2288100542D22 /* Frameworks */,
			);
			sourceTree = "<group>";
		};
		00872C551EC2245C00542D22 /* Products */ = {
			isa = PBXGroup;
			children = (
				00872C541EC2245C00542D22 /* vbkbrowser.app */,
			);
			name = Products;
			sourceTree = "<group>";
		};
		00872C561EC2245C00542D22 /* vbkbrowser */ = {
			isa = PBXGroup;
			children = (
				00872C681EC225DE00542D22 /* mainWin.h */,
				00872C691EC225DE00542D22 /* mainWin.m */,
				00872C6A1EC225DE00542D22 /* mainWin.xib */,
				00B7F1971EC9D38F00C14D6A /* webdelegate.h */,
				00B7F1981EC9D38F00C14D6A /* webdelegate.m */,
				00B7F19C1ECDE31700C14D6A /* const.h */,
				00B7F19A1ECDE31700C14D6A /* BuyController.m */,
				00B7F19B1ECDE31700C14D6A /* BuyController.h */,
				00B7F19F1ECDE31700C14D6A /* BuyController.xib */,
				00B7F1A71ECDE36E00C14D6A /* AboutController.h */,
				00B7F1A11ECDE31700C14D6A /* AboutController.m */,
				00B7F1A01ECDE31700C14D6A /* AboutController.xib */,
				00B7F19E1ECDE31700C14D6A /* RegController.h */,
				00B7F19D1ECDE31700C14D6A /* RegController.m */,
				00B7F1A81ECDE36E00C14D6A /* RegController.xib */,
				00872C571EC2245C00542D22 /* AppDelegate.h */,
				00872C581EC2245C00542D22 /* AppDelegate.m */,
				00872C5D1EC2245C00542D22 /* Assets.xcassets */,
				00872C5F1EC2245C00542D22 /* MainMenu.xib */,
				00872C621EC2245C00542D22 /* Info.plist */,
				00872C5A1EC2245C00542D22 /* Supporting Files */,
			);
			path = vbkbrowser;
			sourceTree = "<group>";
		};
		00872C5A1EC2245C00542D22 /* Supporting Files */ = {
			isa = PBXGroup;
			children = (
				00872C5B1EC2245C00542D22 /* main.m */,
			);
			name = "Supporting Files";
			sourceTree = "<group>";
		};
		00872C6D1EC2288100542D22 /* Frameworks */ = {
			isa = PBXGroup;
			children = (
				00872C6E1EC2288100542D22 /* WebKit.framework */,
			);
			name = Frameworks;
			sourceTree = "<group>";
		};
/* End PBXGroup section */

/* Begin PBXNativeTarget section */
		00872C531EC2245C00542D22 /* vbkbrowser */ = {
			isa = PBXNativeTarget;
			buildConfigurationList = 00872C651EC2245C00542D22 /* Build configuration list for PBXNativeTarget "vbkbrowser" */;
			buildPhases = (
				00872C501EC2245C00542D22 /* Sources */,
				00872C511EC2245C00542D22 /* Frameworks */,
				00872C521EC2245C00542D22 /* Resources */,
			);
			buildRules = (
			);
			dependencies = (
			);
			name = vbkbrowser;
			productName = vbkbrowser;
			productReference = 00872C541EC2245C00542D22 /* vbkbrowser.app */;
			productType = "com.apple.product-type.application";
		};
/* End PBXNativeTarget section */

/* Begin PBXProject section */
		00872C4C1EC2245B00542D22 /* Project object */ = {
			isa = PBXProject;
			attributes = {
				LastUpgradeCheck = 0820;
				ORGANIZATIONNAME = ebookconverter;
				TargetAttributes = {
					00872C531EC2245C00542D22 = {
						CreatedOnToolsVersion = 8.2.1;
						ProvisioningStyle = Automatic;
					};
				};
			};
			buildConfigurationList = 00872C4F1EC2245B00542D22 /* Build configuration list for PBXProject "vbkbrowser" */;
			compatibilityVersion = "Xcode 3.2";
			developmentRegion = English;
			hasScannedForEncodings = 0;
			knownRegions = (
				en,
				Base,
			);
			mainGroup = 00872C4B1EC2245B00542D22;
			productRefGroup = 00872C551EC2245C00542D22 /* Products */;
			projectDirPath = "";
			projectRoot = "";
			targets = (
				00872C531EC2245C00542D22 /* vbkbrowser */,
			);
		};
/* End PBXProject section */

/* Begin PBXResourcesBuildPhase section */
		00872C521EC2245C00542D22 /* Resources */ = {
			isa = PBXResourcesBuildPhase;
			buildActionMask = 2147483647;
			files = (
				00872C5E1EC2245C00542D22 /* Assets.xcassets in Resources */,
				00872C611EC2245C00542D22 /* MainMenu.xib in Resources */,
				00B7F1A51ECDE31700C14D6A /* AboutController.xib in Resources */,
				00B7F1A41ECDE31700C14D6A /* BuyController.xib in Resources */,
				00B7F1A91ECDE36E00C14D6A /* RegController.xib in Resources */,
				00872C6C1EC225DE00542D22 /* mainWin.xib in Resources */,
			);
			runOnlyForDeploymentPostprocessing = 0;
		};
/* End PBXResourcesBuildPhase section */

/* Begin PBXSourcesBuildPhase section */
		00872C501EC2245C00542D22 /* Sources */ = {
			isa = PBXSourcesBuildPhase;
			buildActionMask = 2147483647;
			files = (
				00872C6B1EC225DE00542D22 /* mainWin.m in Sources */,
				00B7F1991EC9D38F00C14D6A /* webdelegate.m in Sources */,
				00B7F1A31ECDE31700C14D6A /* RegController.m in Sources */,
				00B7F1A21ECDE31700C14D6A /* BuyController.m in Sources */,
				00872C5C1EC2245C00542D22 /* main.m in Sources */,
				00872C591EC2245C00542D22 /* AppDelegate.m in Sources */,
				00B7F1A61ECDE31700C14D6A /* AboutController.m in Sources */,
			);
			runOnlyForDeploymentPostprocessing = 0;
		};
/* End PBXSourcesBuildPhase section */

/* Begin PBXVariantGroup section */
		00872C5F1EC2245C00542D22 /* MainMenu.xib */ = {
			isa = PBXVariantGroup;
			children = (
				00872C601EC2245C00542D22 /* Base */,
			);
			name = MainMenu.xib;
			sourceTree = "<group>";
		};
/* End PBXVariantGroup section */

/* Begin XCBuildConfiguration section */
		00872C631EC2245C00542D22 /* Debug */ = {
			isa = XCBuildConfiguration;
			buildSettings = {
				ALWAYS_SEARCH_USER_PATHS = NO;
				CLANG_ANALYZER_NONNULL = YES;
				CLANG_CXX_LANGUAGE_STANDARD = "gnu++0x";
				CLANG_CXX_LIBRARY = "libc++";
				CLANG_ENABLE_MODULES = YES;
				CLANG_ENABLE_OBJC_ARC = YES;
				CLANG_WARN_BOOL_CONVERSION = YES;
				CLANG_WARN_CONSTANT_CONVERSION = YES;
				CLANG_WARN_DIRECT_OBJC_ISA_USAGE = YES_ERROR;
				CLANG_WARN_DOCUMENTATION_COMMENTS = YES;
				CLANG_WARN_EMPTY_BODY = YES;
				CLANG_WARN_ENUM_CONVERSION = YES;
				CLANG_WARN_INFINITE_RECURSION = YES;
				CLANG_WARN_INT_CONVERSION = YES;
				CLANG_WARN_OBJC_ROOT_CLASS = YES_ERROR;
				CLANG_WARN_SUSPICIOUS_MOVE = YES;
				CLANG_WARN_UNREACHABLE_CODE = YES;
				CLANG_WARN__DUPLICATE_METHOD_MATCH = YES;
				CODE_SIGN_IDENTITY = "-";
				COPY_PHASE_STRIP = NO;
				DEBUG_INFORMATION_FORMAT = dwarf;
				ENABLE_STRICT_OBJC_MSGSEND = YES;
				ENABLE_TESTABILITY = YES;
				GCC_C_LANGUAGE_STANDARD = gnu99;
				GCC_DYNAMIC_NO_PIC = NO;
				GCC_NO_COMMON_BLOCKS = YES;
				GCC_OPTIMIZATION_LEVEL = 0;
				GCC_PREPROCESSOR_DEFINITIONS = (
					"DEBUG=1",
					"$(inherited)",
				);
				GCC_WARN_64_TO_32_BIT_CONVERSION = YES;
				GCC_WARN_ABOUT_RETURN_TYPE = YES_ERROR;
				GCC_WARN_UNDECLARED_SELECTOR = YES;
				GCC_WARN_UNINITIALIZED_AUTOS = YES_AGGRESSIVE;
				GCC_WARN_UNUSED_FUNCTION = YES;
				GCC_WARN_UNUSED_VARIABLE = YES;
				MACOSX_DEPLOYMENT_TARGET = 10.7;
				MTL_ENABLE_DEBUG_INFO = YES;
				ONLY_ACTIVE_ARCH = YES;
				SDKROOT = macosx;
			};
			name = Debug;
		};
		00872C641EC2245C00542D22 /* Release */ = {
			isa = XCBuildConfiguration;
			buildSettings = {
				ALWAYS_SEARCH_USER_PATHS = NO;
				CLANG_ANALYZER_NONNULL = YES;
				CLANG_CXX_LANGUAGE_STANDARD = "gnu++0x";
				CLANG_CXX_LIBRARY = "libc++";
				CLANG_ENABLE_MODULES = YES;
				CLANG_ENABLE_OBJC_ARC = YES;
				CLANG_WARN_BOOL_CONVERSION = YES;
				CLANG_WARN_CONSTANT_CONVERSION = YES;
				CLANG_WARN_DIRECT_OBJC_ISA_USAGE = YES_ERROR;
				CLANG_WARN_DOCUMENTATION_COMMENTS = YES;
				CLANG_WARN_EMPTY_BODY = YES;
				CLANG_WARN_ENUM_CONVERSION = YES;
				CLANG_WARN_INFINITE_RECURSION = YES;
				CLANG_WARN_INT_CONVERSION = YES;
				CLANG_WARN_OBJC_ROOT_CLASS = YES_ERROR;
				CLANG_WARN_SUSPICIOUS_MOVE = YES;
				CLANG_WARN_UNREACHABLE_CODE = YES;
				CLANG_WARN__DUPLICATE_METHOD_MATCH = YES;
				CODE_SIGN_IDENTITY = "-";
				COPY_PHASE_STRIP = NO;
				DEBUG_INFORMATION_FORMAT = "dwarf-with-dsym";
				ENABLE_NS_ASSERTIONS = NO;
				ENABLE_STRICT_OBJC_MSGSEND = YES;
				GCC_C_LANGUAGE_STANDARD = gnu99;
				GCC_NO_COMMON_BLOCKS = YES;
				GCC_WARN_64_TO_32_BIT_CONVERSION = YES;
				GCC_WARN_ABOUT_RETURN_TYPE = YES_ERROR;
				GCC_WARN_UNDECLARED_SELECTOR = YES;
				GCC_WARN_UNINITIALIZED_AUTOS = YES_AGGRESSIVE;
				GCC_WARN_UNUSED_FUNCTION = YES;
				GCC_WARN_UNUSED_VARIABLE = YES;
				MACOSX_DEPLOYMENT_TARGET = 10.7;
				MTL_ENABLE_DEBUG_INFO = NO;
				SDKROOT = macosx;
			};
			name = Release;
		};
		00872C661EC2245C00542D22 /* Debug */ = {
			isa = XCBuildConfiguration;
			buildSettings = {
				ASSETCATALOG_COMPILER_APPICON_NAME = AppIcon;
				COMBINE_HIDPI_IMAGES = YES;
				INFOPLIST_FILE = vbkbrowser/Info.plist;
				LD_RUNPATH_SEARCH_PATHS = "$(inherited) @executable_path/../Frameworks";
				PRODUCT_BUNDLE_IDENTIFIER = com.ebookconverter.vbkbrowser;
				PRODUCT_NAME = "$(TARGET_NAME)";
			};
			name = Debug;
		};
		00872C671EC2245C00542D22 /* Release */ = {
			isa = XCBuildConfiguration;
			buildSettings = {
				ASSETCATALOG_COMPILER_APPICON_NAME = AppIcon;
				COMBINE_HIDPI_IMAGES = YES;
				INFOPLIST_FILE = vbkbrowser/Info.plist;
				LD_RUNPATH_SEARCH_PATHS = "$(inherited) @executable_path/../Frameworks";
				PRODUCT_BUNDLE_IDENTIFIER = com.ebookconverter.vbkbrowser;
				PRODUCT_NAME = "$(TARGET_NAME)";
			};
			name = Release;
		};
/* End XCBuildConfiguration section */

/* Begin XCConfigurationList section */
		00872C4F1EC2245B00542D22 /* Build configuration list for PBXProject "vbkbrowser" */ = {
			isa = XCConfigurationList;
			buildConfigurations = (
				00872C631EC2245C00542D22 /* Debug */,
				00872C641EC2245C00542D22 /* Release */,
			);
			defaultConfigurationIsVisible = 0;
			defaultConfigurationName = Release;
		};
		00872C651EC2245C00542D22 /* Build configuration list for PBXNativeTarget "vbkbrowser" */ = {
			isa = XCConfigurationList;
			buildConfigurations = (
				00872C661EC2245C00542D22 /* Debug */,
				00872C671EC2245C00542D22 /* Release */,
			);
			defaultConfigurationIsVisible = 0;
			defaultConfigurationName = Release;
		};
/* End XCConfigurationList section */
	};
	rootObject = 00872C4C1EC2245B00542D22 /* Project object */;
}
