// !$*UTF8*$!
{
	archiveVersion = 1;
	classes = {
	};
	objectVersion = 46;
	objects = {

/* Begin PBXBuildFile section */
		00016C6B1EEB151D00090675 /* instru.xhtml in Resources */ = {isa = PBXBuildFile; fileRef = 00016C6A1EEB151D00090675 /* instru.xhtml */; };
		0028ED5B2368DE9E00BD7BFD /* HybridNSURLProtocol.m in Sources */ = {isa = PBXBuildFile; fileRef = 0028ED5A2368DE9E00BD7BFD /* HybridNSURLProtocol.m */; };
		002CAAF92406CD73001F97B9 /* cssrule.js in Resources */ = {isa = PBXBuildFile; fileRef = 002CAAF82406CD73001F97B9 /* cssrule.js */; };
		002DF5E2201F7D3700FC44FB /* go-home.png in Resources */ = {isa = PBXBuildFile; fileRef = 002DF5E1201F7D3700FC44FB /* go-home.png */; };
		004D48B524140C0F00FB84AE /* frameheight.js in Resources */ = {isa = PBXBuildFile; fileRef = 004D48B424140C0F00FB84AE /* frameheight.js */; };
		00872C591EC2245C00542D22 /* AppDelegate.m in Sources */ = {isa = PBXBuildFile; fileRef = 00872C581EC2245C00542D22 /* AppDelegate.m */; };
		00872C5C1EC2245C00542D22 /* main.m in Sources */ = {isa = PBXBuildFile; fileRef = 00872C5B1EC2245C00542D22 /* main.m */; };
		00872C5E1EC2245C00542D22 /* Assets.xcassets in Resources */ = {isa = PBXBuildFile; fileRef = 00872C5D1EC2245C00542D22 /* Assets.xcassets */; };
		00872C611EC2245C00542D22 /* MainMenu.xib in Resources */ = {isa = PBXBuildFile; fileRef = 00872C5F1EC2245C00542D22 /* MainMenu.xib */; };
		00872C6B1EC225DE00542D22 /* mainWin.m in Sources */ = {isa = PBXBuildFile; fileRef = 00872C691EC225DE00542D22 /* mainWin.m */; };
		00872C6C1EC225DE00542D22 /* mainWin.xib in Resources */ = {isa = PBXBuildFile; fileRef = 00872C6A1EC225DE00542D22 /* mainWin.xib */; };
		009F57281ED70EE500B596C9 /* share-sign.png in Resources */ = {isa = PBXBuildFile; fileRef = 009F57241ED70EE500B596C9 /* share-sign.png */; };
		009F57291ED70EE500B596C9 /* go-sign.png in Resources */ = {isa = PBXBuildFile; fileRef = 009F57251ED70EE500B596C9 /* go-sign.png */; };
		009F572A1ED70EE500B596C9 /* sign-left.png in Resources */ = {isa = PBXBuildFile; fileRef = 009F57261ED70EE500B596C9 /* sign-left.png */; };
		009F572B1ED70EE500B596C9 /* sign-right.png in Resources */ = {isa = PBXBuildFile; fileRef = 009F57271ED70EE500B596C9 /* sign-right.png */; };
		009F572F1ED7112400B596C9 /* buy.png in Resources */ = {isa = PBXBuildFile; fileRef = 009F572C1ED7112400B596C9 /* buy.png */; };
		009F57301ED7112400B596C9 /* about.png in Resources */ = {isa = PBXBuildFile; fileRef = 009F572D1ED7112400B596C9 /* about.png */; };
		009F57311ED7112400B596C9 /* help.png in Resources */ = {isa = PBXBuildFile; fileRef = 009F572E1ED7112400B596C9 /* help.png */; };
		009F57341ED71C7800B596C9 /* vbkbrowser.icns in Resources */ = {isa = PBXBuildFile; fileRef = 009F57321ED71C7800B596C9 /* vbkbrowser.icns */; };
		009F57351ED71C7800B596C9 /* vbkbrowser48.png in Resources */ = {isa = PBXBuildFile; fileRef = 009F57331ED71C7800B596C9 /* vbkbrowser48.png */; };
		009F57371ED71D7500B596C9 /* key.png in Resources */ = {isa = PBXBuildFile; fileRef = 009F57361ED71D7500B596C9 /* key.png */; };
		009F57391ED71DB700B596C9 /* background.jpg in Resources */ = {isa = PBXBuildFile; fileRef = 009F57381ED71DB700B596C9 /* background.jpg */; };
		00ACBB0F22F9DA9100754A94 /* MyURLProtocol.m in Sources */ = {isa = PBXBuildFile; fileRef = 00ACBB0E22F9DA9100754A94 /* MyURLProtocol.m */; };
		00B7F1991EC9D38F00C14D6A /* webdelegate.m in Sources */ = {isa = PBXBuildFile; fileRef = 00B7F1981EC9D38F00C14D6A /* webdelegate.m */; };
		00B7F1A21ECDE31700C14D6A /* BuyController.m in Sources */ = {isa = PBXBuildFile; fileRef = 00B7F19A1ECDE31700C14D6A /* BuyController.m */; };
		00B7F1A31ECDE31700C14D6A /* RegController.m in Sources */ = {isa = PBXBuildFile; fileRef = 00B7F19D1ECDE31700C14D6A /* RegController.m */; };
		00B7F1A41ECDE31700C14D6A /* BuyController.xib in Resources */ = {isa = PBXBuildFile; fileRef = 00B7F19F1ECDE31700C14D6A /* BuyController.xib */; };
		00B7F1A51ECDE31700C14D6A /* AboutController.xib in Resources */ = {isa = PBXBuildFile; fileRef = 00B7F1A01ECDE31700C14D6A /* AboutController.xib */; };
		00B7F1A61ECDE31700C14D6A /* AboutController.m in Sources */ = {isa = PBXBuildFile; fileRef = 00B7F1A11ECDE31700C14D6A /* AboutController.m */; };
		00B7F1A91ECDE36E00C14D6A /* RegController.xib in Resources */ = {isa = PBXBuildFile; fileRef = 00B7F1A81ECDE36E00C14D6A /* RegController.xib */; };
		00B7F1AF1ED369D000C14D6A /* content.opf in Resources */ = {isa = PBXBuildFile; fileRef = 00B7F1AB1ED369D000C14D6A /* content.opf */; };
		00B7F1B01ED369D000C14D6A /* container.xml in Resources */ = {isa = PBXBuildFile; fileRef = 00B7F1AC1ED369D000C14D6A /* container.xml */; };
		00B7F1B11ED369D000C14D6A /* toc.ncx in Resources */ = {isa = PBXBuildFile; fileRef = 00B7F1AD1ED369D000C14D6A /* toc.ncx */; };
		00B7F1B21ED369D000C14D6A /* mimetype in Resources */ = {isa = PBXBuildFile; fileRef = 00B7F1AE1ED369D000C14D6A /* mimetype */; };
		00B7F1EF1ED5E4A900C14D6A /* WebKit.framework in Frameworks */ = {isa = PBXBuildFile; fileRef = 00872C6E1EC2288100542D22 /* WebKit.framework */; };
		00B7F1F11ED5E52200C14D6A /* ZipArchive.framework in Frameworks */ = {isa = PBXBuildFile; fileRef = 00B7F1BB1ED5DC0C00C14D6A /* ZipArchive.framework */; };
		00B7F1F21ED5E52200C14D6A /* ZipArchive.framework in Embed Frameworks */ = {isa = PBXBuildFile; fileRef = 00B7F1BB1ED5DC0C00C14D6A /* ZipArchive.framework */; settings = {ATTRIBUTES = (CodeSignOnCopy, RemoveHeadersOnCopy, ); }; };
/* End PBXBuildFile section */

/* Begin PBXCopyFilesBuildPhase section */
		00B7F1F31ED5E52200C14D6A /* Embed Frameworks */ = {
			isa = PBXCopyFilesBuildPhase;
			buildActionMask = 2147483647;
			dstPath = "";
			dstSubfolderSpec = 10;
			files = (
				00B7F1F21ED5E52200C14D6A /* ZipArchive.framework in Embed Frameworks */,
			);
			name = "Embed Frameworks";
			runOnlyForDeploymentPostprocessing = 0;
		};
/* End PBXCopyFilesBuildPhase section */

/* Begin PBXFileReference section */
		00016C6A1EEB151D00090675 /* instru.xhtml */ = {isa = PBXFileReference; fileEncoding = 4; lastKnownFileType = text.xml; name = instru.xhtml; path = epub/instru.xhtml; sourceTree = "<group>"; };
		0028ED592368DE9E00BD7BFD /* HybridNSURLProtocol.h */ = {isa = PBXFileReference; fileEncoding = 4; lastKnownFileType = sourcecode.c.h; path = HybridNSURLProtocol.h; sourceTree = "<group>"; };
		0028ED5A2368DE9E00BD7BFD /* HybridNSURLProtocol.m */ = {isa = PBXFileReference; fileEncoding = 4; lastKnownFileType = sourcecode.c.objc; path = HybridNSURLProtocol.m; sourceTree = "<group>"; };
		002CAAF82406CD73001F97B9 /* cssrule.js */ = {isa = PBXFileReference; fileEncoding = 4; lastKnownFileType = sourcecode.javascript; path = cssrule.js; sourceTree = "<group>"; };
		002DF5E1201F7D3700FC44FB /* go-home.png */ = {isa = PBXFileReference; lastKnownFileType = image.png; name = "go-home.png"; path = "img/go-home.png"; sourceTree = "<group>"; };
		004D48B424140C0F00FB84AE /* frameheight.js */ = {isa = PBXFileReference; fileEncoding = 4; lastKnownFileType = sourcecode.javascript; path = frameheight.js; sourceTree = "<group>"; };
		00872C541EC2245C00542D22 /* VitalSource Downloader.app */ = {isa = PBXFileReference; explicitFileType = wrapper.application; includeInIndex = 0; path = "VitalSource Downloader.app"; sourceTree = BUILT_PRODUCTS_DIR; };
		00872C571EC2245C00542D22 /* AppDelegate.h */ = {isa = PBXFileReference; lastKnownFileType = sourcecode.c.h; path = AppDelegate.h; sourceTree = "<group>"; };
		00872C581EC2245C00542D22 /* AppDelegate.m */ = {isa = PBXFileReference; lastKnownFileType = sourcecode.c.objc; path = AppDelegate.m; sourceTree = "<group>"; };
		00872C5B1EC2245C00542D22 /* main.m */ = {isa = PBXFileReference; lastKnownFileType = sourcecode.c.objc; path = main.m; sourceTree = "<group>"; };
		00872C5D1EC2245C00542D22 /* Assets.xcassets */ = {isa = PBXFileReference; lastKnownFileType = folder.assetcatalog; path = Assets.xcassets; sourceTree = "<group>"; };
		00872C601EC2245C00542D22 /* Base */ = {isa = PBXFileReference; lastKnownFileType = file.xib; name = Base; path = Base.lproj/MainMenu.xib; sourceTree = "<group>"; };
		00872C621EC2245C00542D22 /* Info.plist */ = {isa = PBXFileReference; lastKnownFileType = text.plist.xml; path = Info.plist; sourceTree = "<group>"; };
		00872C681EC225DE00542D22 /* mainWin.h */ = {isa = PBXFileReference; fileEncoding = 4; lastKnownFileType = sourcecode.c.h; path = mainWin.h; sourceTree = "<group>"; };
		00872C691EC225DE00542D22 /* mainWin.m */ = {isa = PBXFileReference; fileEncoding = 4; lastKnownFileType = sourcecode.c.objc; path = mainWin.m; sourceTree = "<group>"; };
		00872C6A1EC225DE00542D22 /* mainWin.xib */ = {isa = PBXFileReference; fileEncoding = 4; lastKnownFileType = file.xib; path = mainWin.xib; sourceTree = "<group>"; };
		00872C6E1EC2288100542D22 /* WebKit.framework */ = {isa = PBXFileReference; lastKnownFileType = wrapper.framework; name = WebKit.framework; path = System/Library/Frameworks/WebKit.framework; sourceTree = SDKROOT; };
		009F57241ED70EE500B596C9 /* share-sign.png */ = {isa = PBXFileReference; lastKnownFileType = image.png; name = "share-sign.png"; path = "img/share-sign.png"; sourceTree = "<group>"; };
		009F57251ED70EE500B596C9 /* go-sign.png */ = {isa = PBXFileReference; lastKnownFileType = image.png; name = "go-sign.png"; path = "img/go-sign.png"; sourceTree = "<group>"; };
		009F57261ED70EE500B596C9 /* sign-left.png */ = {isa = PBXFileReference; lastKnownFileType = image.png; name = "sign-left.png"; path = "img/sign-left.png"; sourceTree = "<group>"; };
		009F57271ED70EE500B596C9 /* sign-right.png */ = {isa = PBXFileReference; lastKnownFileType = image.png; name = "sign-right.png"; path = "img/sign-right.png"; sourceTree = "<group>"; };
		009F572C1ED7112400B596C9 /* buy.png */ = {isa = PBXFileReference; lastKnownFileType = image.png; name = buy.png; path = img/buy.png; sourceTree = "<group>"; };
		009F572D1ED7112400B596C9 /* about.png */ = {isa = PBXFileReference; lastKnownFileType = image.png; name = about.png; path = img/about.png; sourceTree = "<group>"; };
		009F572E1ED7112400B596C9 /* help.png */ = {isa = PBXFileReference; lastKnownFileType = image.png; name = help.png; path = img/help.png; sourceTree = "<group>"; };
		009F57321ED71C7800B596C9 /* vbkbrowser.icns */ = {isa = PBXFileReference; lastKnownFileType = image.icns; name = vbkbrowser.icns; path = img/vbkbrowser.icns; sourceTree = "<group>"; };
		009F57331ED71C7800B596C9 /* vbkbrowser48.png */ = {isa = PBXFileReference; lastKnownFileType = image.png; name = vbkbrowser48.png; path = img/vbkbrowser48.png; sourceTree = "<group>"; };
		009F57361ED71D7500B596C9 /* key.png */ = {isa = PBXFileReference; lastKnownFileType = image.png; name = key.png; path = img/key.png; sourceTree = "<group>"; };
		009F57381ED71DB700B596C9 /* background.jpg */ = {isa = PBXFileReference; lastKnownFileType = image.jpeg; name = background.jpg; path = img/background.jpg; sourceTree = "<group>"; };
		00ACBB0D22F9DA9100754A94 /* MyURLProtocol.h */ = {isa = PBXFileReference; fileEncoding = 4; lastKnownFileType = sourcecode.c.h; path = MyURLProtocol.h; sourceTree = "<group>"; };
		00ACBB0E22F9DA9100754A94 /* MyURLProtocol.m */ = {isa = PBXFileReference; fileEncoding = 4; lastKnownFileType = sourcecode.c.objc; path = MyURLProtocol.m; sourceTree = "<group>"; };
		00B7F1971EC9D38F00C14D6A /* webdelegate.h */ = {isa = PBXFileReference; fileEncoding = 4; lastKnownFileType = sourcecode.c.h; path = webdelegate.h; sourceTree = "<group>"; };
		00B7F1981EC9D38F00C14D6A /* webdelegate.m */ = {isa = PBXFileReference; fileEncoding = 4; lastKnownFileType = sourcecode.c.objc; path = webdelegate.m; sourceTree = "<group>"; };
		00B7F19A1ECDE31700C14D6A /* BuyController.m */ = {isa = PBXFileReference; fileEncoding = 4; lastKnownFileType = sourcecode.c.objc; path = BuyController.m; sourceTree = "<group>"; };
		00B7F19B1ECDE31700C14D6A /* BuyController.h */ = {isa = PBXFileReference; fileEncoding = 4; lastKnownFileType = sourcecode.c.h; path = BuyController.h; sourceTree = "<group>"; };
		00B7F19C1ECDE31700C14D6A /* const.h */ = {isa = PBXFileReference; fileEncoding = 4; lastKnownFileType = sourcecode.c.h; path = const.h; sourceTree = "<group>"; };
		00B7F19D1ECDE31700C14D6A /* RegController.m */ = {isa = PBXFileReference; fileEncoding = 4; lastKnownFileType = sourcecode.c.objc; path = RegController.m; sourceTree = "<group>"; };
		00B7F19E1ECDE31700C14D6A /* RegController.h */ = {isa = PBXFileReference; fileEncoding = 4; lastKnownFileType = sourcecode.c.h; path = RegController.h; sourceTree = "<group>"; };
		00B7F19F1ECDE31700C14D6A /* BuyController.xib */ = {isa = PBXFileReference; fileEncoding = 4; lastKnownFileType = file.xib; path = BuyController.xib; sourceTree = "<group>"; };
		00B7F1A01ECDE31700C14D6A /* AboutController.xib */ = {isa = PBXFileReference; fileEncoding = 4; lastKnownFileType = file.xib; path = AboutController.xib; sourceTree = "<group>"; };
		00B7F1A11ECDE31700C14D6A /* AboutController.m */ = {isa = PBXFileReference; fileEncoding = 4; lastKnownFileType = sourcecode.c.objc; path = AboutController.m; sourceTree = "<group>"; };
		00B7F1A71ECDE36E00C14D6A /* AboutController.h */ = {isa = PBXFileReference; fileEncoding = 4; lastKnownFileType = sourcecode.c.h; path = AboutController.h; sourceTree = "<group>"; };
		00B7F1A81ECDE36E00C14D6A /* RegController.xib */ = {isa = PBXFileReference; fileEncoding = 4; lastKnownFileType = file.xib; path = RegController.xib; sourceTree = "<group>"; };
		00B7F1AB1ED369D000C14D6A /* content.opf */ = {isa = PBXFileReference; fileEncoding = 4; lastKnownFileType = text.xml; name = content.opf; path = epub/content.opf; sourceTree = "<group>"; };
		00B7F1AC1ED369D000C14D6A /* container.xml */ = {isa = PBXFileReference; fileEncoding = 4; lastKnownFileType = text.xml; name = container.xml; path = epub/container.xml; sourceTree = "<group>"; };
		00B7F1AD1ED369D000C14D6A /* toc.ncx */ = {isa = PBXFileReference; fileEncoding = 4; lastKnownFileType = text.xml; name = toc.ncx; path = epub/toc.ncx; sourceTree = "<group>"; };
		00B7F1AE1ED369D000C14D6A /* mimetype */ = {isa = PBXFileReference; fileEncoding = 4; lastKnownFileType = text; name = mimetype; path = epub/mimetype; sourceTree = "<group>"; };
		00B7F1BB1ED5DC0C00C14D6A /* ZipArchive.framework */ = {isa = PBXFileReference; lastKnownFileType = wrapper.framework; name = ZipArchive.framework; path = vbkbrowser/zip/ZipArchive.framework; sourceTree = "<group>"; };
		00B7F1BE1ED5DC2700C14D6A /* crypt.h */ = {isa = PBXFileReference; fileEncoding = 4; lastKnownFileType = sourcecode.c.h; name = crypt.h; path = zip/crypt.h; sourceTree = "<group>"; };
		00B7F1C01ED5DC2700C14D6A /* ioapi.h */ = {isa = PBXFileReference; fileEncoding = 4; lastKnownFileType = sourcecode.c.h; name = ioapi.h; path = zip/ioapi.h; sourceTree = "<group>"; };
		00B7F1C21ED5DC2700C14D6A /* mztools.h */ = {isa = PBXFileReference; fileEncoding = 4; lastKnownFileType = sourcecode.c.h; name = mztools.h; path = zip/mztools.h; sourceTree = "<group>"; };
		00B7F1C31ED5DC2700C14D6A /* SSZipArchive.h */ = {isa = PBXFileReference; fileEncoding = 4; lastKnownFileType = sourcecode.c.h; name = SSZipArchive.h; path = zip/SSZipArchive.h; sourceTree = "<group>"; };
		00B7F1C41ED5DC2700C14D6A /* SSZipCommon.h */ = {isa = PBXFileReference; fileEncoding = 4; lastKnownFileType = sourcecode.c.h; name = SSZipCommon.h; path = zip/SSZipCommon.h; sourceTree = "<group>"; };
		00B7F1C61ED5DC2700C14D6A /* unzip.h */ = {isa = PBXFileReference; fileEncoding = 4; lastKnownFileType = sourcecode.c.h; name = unzip.h; path = zip/unzip.h; sourceTree = "<group>"; };
		00B7F1C81ED5DC2700C14D6A /* zip.h */ = {isa = PBXFileReference; fileEncoding = 4; lastKnownFileType = sourcecode.c.h; name = zip.h; path = zip/zip.h; sourceTree = "<group>"; };
		00B7F1C91ED5DC2700C14D6A /* ZipArchive.h */ = {isa = PBXFileReference; fileEncoding = 4; lastKnownFileType = sourcecode.c.h; name = ZipArchive.h; path = zip/ZipArchive.h; sourceTree = "<group>"; };
		00B7F1CF1ED5DF7500C14D6A /* aes_via_ace.h */ = {isa = PBXFileReference; fileEncoding = 4; lastKnownFileType = sourcecode.c.h; name = aes_via_ace.h; path = aes/aes_via_ace.h; sourceTree = "<group>"; };
		00B7F1D01ED5DF7500C14D6A /* aes.h */ = {isa = PBXFileReference; fileEncoding = 4; lastKnownFileType = sourcecode.c.h; name = aes.h; path = aes/aes.h; sourceTree = "<group>"; };
		00B7F1D31ED5DF7500C14D6A /* aesopt.h */ = {isa = PBXFileReference; fileEncoding = 4; lastKnownFileType = sourcecode.c.h; name = aesopt.h; path = aes/aesopt.h; sourceTree = "<group>"; };
		00B7F1D51ED5DF7500C14D6A /* aestab.h */ = {isa = PBXFileReference; fileEncoding = 4; lastKnownFileType = sourcecode.c.h; name = aestab.h; path = aes/aestab.h; sourceTree = "<group>"; };
		00B7F1D61ED5DF7500C14D6A /* brg_endian.h */ = {isa = PBXFileReference; fileEncoding = 4; lastKnownFileType = sourcecode.c.h; name = brg_endian.h; path = aes/brg_endian.h; sourceTree = "<group>"; };
		00B7F1D71ED5DF7500C14D6A /* brg_types.h */ = {isa = PBXFileReference; fileEncoding = 4; lastKnownFileType = sourcecode.c.h; name = brg_types.h; path = aes/brg_types.h; sourceTree = "<group>"; };
		00B7F1D91ED5DF7500C14D6A /* entropy.h */ = {isa = PBXFileReference; fileEncoding = 4; lastKnownFileType = sourcecode.c.h; name = entropy.h; path = aes/entropy.h; sourceTree = "<group>"; };
		00B7F1DB1ED5DF7500C14D6A /* fileenc.h */ = {isa = PBXFileReference; fileEncoding = 4; lastKnownFileType = sourcecode.c.h; name = fileenc.h; path = aes/fileenc.h; sourceTree = "<group>"; };
		00B7F1DD1ED5DF7500C14D6A /* hmac.h */ = {isa = PBXFileReference; fileEncoding = 4; lastKnownFileType = sourcecode.c.h; name = hmac.h; path = aes/hmac.h; sourceTree = "<group>"; };
		00B7F1DF1ED5DF7500C14D6A /* prng.h */ = {isa = PBXFileReference; fileEncoding = 4; lastKnownFileType = sourcecode.c.h; name = prng.h; path = aes/prng.h; sourceTree = "<group>"; };
		00B7F1E11ED5DF7500C14D6A /* pwd2key.h */ = {isa = PBXFileReference; fileEncoding = 4; lastKnownFileType = sourcecode.c.h; name = pwd2key.h; path = aes/pwd2key.h; sourceTree = "<group>"; };
		00B7F1E31ED5DF7500C14D6A /* sha1.h */ = {isa = PBXFileReference; fileEncoding = 4; lastKnownFileType = sourcecode.c.h; name = sha1.h; path = aes/sha1.h; sourceTree = "<group>"; };
/* End PBXFileReference section */

/* Begin PBXFrameworksBuildPhase section */
		00872C511EC2245C00542D22 /* Frameworks */ = {
			isa = PBXFrameworksBuildPhase;
			buildActionMask = 2147483647;
			files = (
				00B7F1F11ED5E52200C14D6A /* ZipArchive.framework in Frameworks */,
				00B7F1EF1ED5E4A900C14D6A /* WebKit.framework in Frameworks */,
			);
			runOnlyForDeploymentPostprocessing = 0;
		};
/* End PBXFrameworksBuildPhase section */

/* Begin PBXGroup section */
		00872C4B1EC2245B00542D22 = {
			isa = PBXGroup;
			children = (
				00872C561EC2245C00542D22 /* vbkbrowser */,
				00872C551EC2245C00542D22 /* Products */,
				00872C6D1EC2288100542D22 /* Frameworks */,
			);
			sourceTree = "<group>";
		};
		00872C551EC2245C00542D22 /* Products */ = {
			isa = PBXGroup;
			children = (
				00872C541EC2245C00542D22 /* VitalSource Downloader.app */,
			);
			name = Products;
			sourceTree = "<group>";
		};
		00872C561EC2245C00542D22 /* vbkbrowser */ = {
			isa = PBXGroup;
			children = (
				0028ED592368DE9E00BD7BFD /* HybridNSURLProtocol.h */,
				0028ED5A2368DE9E00BD7BFD /* HybridNSURLProtocol.m */,
				00872C681EC225DE00542D22 /* mainWin.h */,
				00872C691EC225DE00542D22 /* mainWin.m */,
				00872C6A1EC225DE00542D22 /* mainWin.xib */,
				00B7F1971EC9D38F00C14D6A /* webdelegate.h */,
				00B7F1981EC9D38F00C14D6A /* webdelegate.m */,
				00ACBB0D22F9DA9100754A94 /* MyURLProtocol.h */,
				00ACBB0E22F9DA9100754A94 /* MyURLProtocol.m */,
				00B7F19C1ECDE31700C14D6A /* const.h */,
				00B7F19B1ECDE31700C14D6A /* BuyController.h */,
				00B7F19A1ECDE31700C14D6A /* BuyController.m */,
				00B7F19F1ECDE31700C14D6A /* BuyController.xib */,
				00B7F1A71ECDE36E00C14D6A /* AboutController.h */,
				00B7F1A11ECDE31700C14D6A /* AboutController.m */,
				00B7F1A01ECDE31700C14D6A /* AboutController.xib */,
				00B7F19E1ECDE31700C14D6A /* RegController.h */,
				00B7F19D1ECDE31700C14D6A /* RegController.m */,
				00B7F1A81ECDE36E00C14D6A /* RegController.xib */,
				00872C571EC2245C00542D22 /* AppDelegate.h */,
				00872C581EC2245C00542D22 /* AppDelegate.m */,
				00872C5F1EC2245C00542D22 /* MainMenu.xib */,
				00872C621EC2245C00542D22 /* Info.plist */,
				002CAAF82406CD73001F97B9 /* cssrule.js */,
				004D48B424140C0F00FB84AE /* frameheight.js */,
				00872C5D1EC2245C00542D22 /* Assets.xcassets */,
				009F57231ED70ECA00B596C9 /* img */,
				00B7F1BD1ED5DC1700C14D6A /* zip */,
				00B7F1CE1ED5DF5E00C14D6A /* aes */,
				00B7F1AA1ED369BA00C14D6A /* epub */,
				00872C5A1EC2245C00542D22 /* Supporting Files */,
			);
			path = vbkbrowser;
			sourceTree = "<group>";
		};
		00872C5A1EC2245C00542D22 /* Supporting Files */ = {
			isa = PBXGroup;
			children = (
				00872C5B1EC2245C00542D22 /* main.m */,
			);
			name = "Supporting Files";
			sourceTree = "<group>";
		};
		00872C6D1EC2288100542D22 /* Frameworks */ = {
			isa = PBXGroup;
			children = (
				00B7F1BB1ED5DC0C00C14D6A /* ZipArchive.framework */,
				00872C6E1EC2288100542D22 /* WebKit.framework */,
			);
			name = Frameworks;
			sourceTree = "<group>";
		};
		009F57231ED70ECA00B596C9 /* img */ = {
			isa = PBXGroup;
			children = (
				002DF5E1201F7D3700FC44FB /* go-home.png */,
				009F57381ED71DB700B596C9 /* background.jpg */,
				009F57361ED71D7500B596C9 /* key.png */,
				009F57321ED71C7800B596C9 /* vbkbrowser.icns */,
				009F57331ED71C7800B596C9 /* vbkbrowser48.png */,
				009F572C1ED7112400B596C9 /* buy.png */,
				009F572D1ED7112400B596C9 /* about.png */,
				009F572E1ED7112400B596C9 /* help.png */,
				009F57241ED70EE500B596C9 /* share-sign.png */,
				009F57251ED70EE500B596C9 /* go-sign.png */,
				009F57261ED70EE500B596C9 /* sign-left.png */,
				009F57271ED70EE500B596C9 /* sign-right.png */,
			);
			name = img;
			sourceTree = "<group>";
		};
		00B7F1AA1ED369BA00C14D6A /* epub */ = {
			isa = PBXGroup;
			children = (
				00016C6A1EEB151D00090675 /* instru.xhtml */,
				00B7F1AB1ED369D000C14D6A /* content.opf */,
				00B7F1AC1ED369D000C14D6A /* container.xml */,
				00B7F1AD1ED369D000C14D6A /* toc.ncx */,
				00B7F1AE1ED369D000C14D6A /* mimetype */,
			);
			name = epub;
			sourceTree = "<group>";
		};
		00B7F1BD1ED5DC1700C14D6A /* zip */ = {
			isa = PBXGroup;
			children = (
				00B7F1BE1ED5DC2700C14D6A /* crypt.h */,
				00B7F1C01ED5DC2700C14D6A /* ioapi.h */,
				00B7F1C21ED5DC2700C14D6A /* mztools.h */,
				00B7F1C31ED5DC2700C14D6A /* SSZipArchive.h */,
				00B7F1C41ED5DC2700C14D6A /* SSZipCommon.h */,
				00B7F1C61ED5DC2700C14D6A /* unzip.h */,
				00B7F1C81ED5DC2700C14D6A /* zip.h */,
				00B7F1C91ED5DC2700C14D6A /* ZipArchive.h */,
			);
			name = zip;
			sourceTree = "<group>";
		};
		00B7F1CE1ED5DF5E00C14D6A /* aes */ = {
			isa = PBXGroup;
			children = (
				00B7F1CF1ED5DF7500C14D6A /* aes_via_ace.h */,
				00B7F1D01ED5DF7500C14D6A /* aes.h */,
				00B7F1D31ED5DF7500C14D6A /* aesopt.h */,
				00B7F1D51ED5DF7500C14D6A /* aestab.h */,
				00B7F1D61ED5DF7500C14D6A /* brg_endian.h */,
				00B7F1D71ED5DF7500C14D6A /* brg_types.h */,
				00B7F1D91ED5DF7500C14D6A /* entropy.h */,
				00B7F1DB1ED5DF7500C14D6A /* fileenc.h */,
				00B7F1DD1ED5DF7500C14D6A /* hmac.h */,
				00B7F1DF1ED5DF7500C14D6A /* prng.h */,
				00B7F1E11ED5DF7500C14D6A /* pwd2key.h */,
				00B7F1E31ED5DF7500C14D6A /* sha1.h */,
			);
			name = aes;
			sourceTree = "<group>";
		};
/* End PBXGroup section */

/* Begin PBXNativeTarget section */
		00872C531EC2245C00542D22 /* VitalSource Downloader */ = {
			isa = PBXNativeTarget;
			buildConfigurationList = 00872C651EC2245C00542D22 /* Build configuration list for PBXNativeTarget "VitalSource Downloader" */;
			buildPhases = (
				00872C501EC2245C00542D22 /* Sources */,
				00872C511EC2245C00542D22 /* Frameworks */,
				00872C521EC2245C00542D22 /* Resources */,
				00B7F1F31ED5E52200C14D6A /* Embed Frameworks */,
			);
			buildRules = (
			);
			dependencies = (
			);
			name = "VitalSource Downloader";
			productName = vbkbrowser;
			productReference = 00872C541EC2245C00542D22 /* VitalSource Downloader.app */;
			productType = "com.apple.product-type.application";
		};
/* End PBXNativeTarget section */

/* Begin PBXProject section */
		00872C4C1EC2245B00542D22 /* Project object */ = {
			isa = PBXProject;
			attributes = {
				KnownAssetTags = (
					New,
				);
				LastUpgradeCheck = 0820;
				ORGANIZATIONNAME = ebookconverter;
				TargetAttributes = {
					00872C531EC2245C00542D22 = {
						CreatedOnToolsVersion = 8.2.1;
						DevelopmentTeam = L7JSV82XX3;
						ProvisioningStyle = Manual;
					};
				};
			};
			buildConfigurationList = 00872C4F1EC2245B00542D22 /* Build configuration list for PBXProject "vbkbrowser" */;
			compatibilityVersion = "Xcode 3.2";
			developmentRegion = English;
			hasScannedForEncodings = 0;
			knownRegions = (
				English,
				en,
				Base,
			);
			mainGroup = 00872C4B1EC2245B00542D22;
			productRefGroup = 00872C551EC2245C00542D22 /* Products */;
			projectDirPath = "";
			projectRoot = "";
			targets = (
				00872C531EC2245C00542D22 /* VitalSource Downloader */,
			);
		};
/* End PBXProject section */

/* Begin PBXResourcesBuildPhase section */
		00872C521EC2245C00542D22 /* Resources */ = {
			isa = PBXResourcesBuildPhase;
			buildActionMask = 2147483647;
			files = (
				00B7F1B11ED369D000C14D6A /* toc.ncx in Resources */,
				00872C5E1EC2245C00542D22 /* Assets.xcassets in Resources */,
				00B7F1B21ED369D000C14D6A /* mimetype in Resources */,
				009F57281ED70EE500B596C9 /* share-sign.png in Resources */,
				00872C611EC2245C00542D22 /* MainMenu.xib in Resources */,
				009F57351ED71C7800B596C9 /* vbkbrowser48.png in Resources */,
				00B7F1A51ECDE31700C14D6A /* AboutController.xib in Resources */,
				009F572A1ED70EE500B596C9 /* sign-left.png in Resources */,
				00016C6B1EEB151D00090675 /* instru.xhtml in Resources */,
				009F57301ED7112400B596C9 /* about.png in Resources */,
				009F57391ED71DB700B596C9 /* background.jpg in Resources */,
				004D48B524140C0F00FB84AE /* frameheight.js in Resources */,
				009F572B1ED70EE500B596C9 /* sign-right.png in Resources */,
				00B7F1A41ECDE31700C14D6A /* BuyController.xib in Resources */,
				009F572F1ED7112400B596C9 /* buy.png in Resources */,
				009F57341ED71C7800B596C9 /* vbkbrowser.icns in Resources */,
				002DF5E2201F7D3700FC44FB /* go-home.png in Resources */,
				009F57311ED7112400B596C9 /* help.png in Resources */,
				00B7F1A91ECDE36E00C14D6A /* RegController.xib in Resources */,
				009F57371ED71D7500B596C9 /* key.png in Resources */,
				00872C6C1EC225DE00542D22 /* mainWin.xib in Resources */,
				00B7F1AF1ED369D000C14D6A /* content.opf in Resources */,
				009F57291ED70EE500B596C9 /* go-sign.png in Resources */,
				002CAAF92406CD73001F97B9 /* cssrule.js in Resources */,
				00B7F1B01ED369D000C14D6A /* container.xml in Resources */,
			);
			runOnlyForDeploymentPostprocessing = 0;
		};
/* End PBXResourcesBuildPhase section */

/* Begin PBXSourcesBuildPhase section */
		00872C501EC2245C00542D22 /* Sources */ = {
			isa = PBXSourcesBuildPhase;
			buildActionMask = 2147483647;
			files = (
				0028ED5B2368DE9E00BD7BFD /* HybridNSURLProtocol.m in Sources */,
				00872C6B1EC225DE00542D22 /* mainWin.m in Sources */,
				00B7F1991EC9D38F00C14D6A /* webdelegate.m in Sources */,
				00B7F1A31ECDE31700C14D6A /* RegController.m in Sources */,
				00B7F1A21ECDE31700C14D6A /* BuyController.m in Sources */,
				00872C5C1EC2245C00542D22 /* main.m in Sources */,
				00ACBB0F22F9DA9100754A94 /* MyURLProtocol.m in Sources */,
				00872C591EC2245C00542D22 /* AppDelegate.m in Sources */,
				00B7F1A61ECDE31700C14D6A /* AboutController.m in Sources */,
			);
			runOnlyForDeploymentPostprocessing = 0;
		};
/* End PBXSourcesBuildPhase section */

/* Begin PBXVariantGroup section */
		00872C5F1EC2245C00542D22 /* MainMenu.xib */ = {
			isa = PBXVariantGroup;
			children = (
				00872C601EC2245C00542D22 /* Base */,
			);
			name = MainMenu.xib;
			sourceTree = "<group>";
		};
/* End PBXVariantGroup section */

/* Begin XCBuildConfiguration section */
		00872C631EC2245C00542D22 /* Debug */ = {
			isa = XCBuildConfiguration;
			buildSettings = {
				ALWAYS_SEARCH_USER_PATHS = NO;
				CLANG_ANALYZER_NONNULL = YES;
				CLANG_CXX_LANGUAGE_STANDARD = "gnu++0x";
				CLANG_CXX_LIBRARY = "libc++";
				CLANG_ENABLE_MODULES = YES;
				CLANG_ENABLE_OBJC_ARC = YES;
				CLANG_WARN_BOOL_CONVERSION = YES;
				CLANG_WARN_CONSTANT_CONVERSION = YES;
				CLANG_WARN_DIRECT_OBJC_ISA_USAGE = YES_ERROR;
				CLANG_WARN_DOCUMENTATION_COMMENTS = YES;
				CLANG_WARN_EMPTY_BODY = YES;
				CLANG_WARN_ENUM_CONVERSION = YES;
				CLANG_WARN_INFINITE_RECURSION = YES;
				CLANG_WARN_INT_CONVERSION = YES;
				CLANG_WARN_OBJC_ROOT_CLASS = YES_ERROR;
				CLANG_WARN_SUSPICIOUS_MOVE = YES;
				CLANG_WARN_UNREACHABLE_CODE = YES;
				CLANG_WARN__DUPLICATE_METHOD_MATCH = YES;
				CODE_SIGN_IDENTITY = "";
				COPY_PHASE_STRIP = NO;
				DEBUG_INFORMATION_FORMAT = dwarf;
				ENABLE_STRICT_OBJC_MSGSEND = YES;
				ENABLE_TESTABILITY = YES;
				GCC_C_LANGUAGE_STANDARD = gnu99;
				GCC_DYNAMIC_NO_PIC = NO;
				GCC_NO_COMMON_BLOCKS = YES;
				GCC_OPTIMIZATION_LEVEL = 0;
				GCC_PREPROCESSOR_DEFINITIONS = (
					"DEBUG=1",
					"$(inherited)",
				);
				GCC_WARN_64_TO_32_BIT_CONVERSION = YES;
				GCC_WARN_ABOUT_RETURN_TYPE = YES_ERROR;
				GCC_WARN_UNDECLARED_SELECTOR = YES;
				GCC_WARN_UNINITIALIZED_AUTOS = YES_AGGRESSIVE;
				GCC_WARN_UNUSED_FUNCTION = YES;
				GCC_WARN_UNUSED_VARIABLE = YES;
				MACOSX_DEPLOYMENT_TARGET = 10.7;
				MTL_ENABLE_DEBUG_INFO = YES;
				ONLY_ACTIVE_ARCH = YES;
				SDKROOT = macosx;
			};
			name = Debug;
		};
		00872C641EC2245C00542D22 /* Release */ = {
			isa = XCBuildConfiguration;
			buildSettings = {
				ALWAYS_SEARCH_USER_PATHS = NO;
				CLANG_ANALYZER_NONNULL = YES;
				CLANG_CXX_LANGUAGE_STANDARD = "gnu++0x";
				CLANG_CXX_LIBRARY = "libc++";
				CLANG_ENABLE_MODULES = YES;
				CLANG_ENABLE_OBJC_ARC = YES;
				CLANG_WARN_BOOL_CONVERSION = YES;
				CLANG_WARN_CONSTANT_CONVERSION = YES;
				CLANG_WARN_DIRECT_OBJC_ISA_USAGE = YES_ERROR;
				CLANG_WARN_DOCUMENTATION_COMMENTS = YES;
				CLANG_WARN_EMPTY_BODY = YES;
				CLANG_WARN_ENUM_CONVERSION = YES;
				CLANG_WARN_INFINITE_RECURSION = YES;
				CLANG_WARN_INT_CONVERSION = YES;
				CLANG_WARN_OBJC_ROOT_CLASS = YES_ERROR;
				CLANG_WARN_SUSPICIOUS_MOVE = YES;
				CLANG_WARN_UNREACHABLE_CODE = YES;
				CLANG_WARN__DUPLICATE_METHOD_MATCH = YES;
				CODE_SIGN_IDENTITY = "Developer ID Application: WENQIAN Pan (L7JSV82XX3)";
				COPY_PHASE_STRIP = NO;
				DEBUG_INFORMATION_FORMAT = "dwarf-with-dsym";
				ENABLE_NS_ASSERTIONS = NO;
				ENABLE_STRICT_OBJC_MSGSEND = YES;
				GCC_C_LANGUAGE_STANDARD = gnu99;
				GCC_NO_COMMON_BLOCKS = YES;
				GCC_WARN_64_TO_32_BIT_CONVERSION = YES;
				GCC_WARN_ABOUT_RETURN_TYPE = YES_ERROR;
				GCC_WARN_UNDECLARED_SELECTOR = YES;
				GCC_WARN_UNINITIALIZED_AUTOS = YES_AGGRESSIVE;
				GCC_WARN_UNUSED_FUNCTION = YES;
				GCC_WARN_UNUSED_VARIABLE = YES;
				MACOSX_DEPLOYMENT_TARGET = 10.7;
				MTL_ENABLE_DEBUG_INFO = NO;
				SDKROOT = macosx;
			};
			name = Release;
		};
		00872C661EC2245C00542D22 /* Debug */ = {
			isa = XCBuildConfiguration;
			buildSettings = {
				ASSETCATALOG_COMPILER_APPICON_NAME = AppIcon;
				CLANG_ENABLE_OBJC_ARC = YES;
				CODE_SIGN_ENTITLEMENTS = "VitalSource Downloader.entitlements";
				CODE_SIGN_IDENTITY = "Developer ID Application: WENQIAN Pan (L7JSV82XX3)";
				COMBINE_HIDPI_IMAGES = YES;
				DEVELOPMENT_TEAM = L7JSV82XX3;
				ENABLE_HARDENED_RUNTIME = YES;
				FRAMEWORK_SEARCH_PATHS = (
					"$(inherited)",
					"$(PROJECT_DIR)/vbkbrowser",
					"$(PROJECT_DIR)/vbkbrowser/zip",
				);
				INFOPLIST_FILE = vbkbrowser/Info.plist;
				LD_RUNPATH_SEARCH_PATHS = "$(inherited) @executable_path/../Frameworks";
				MACOSX_DEPLOYMENT_TARGET = 10.13;
				PRODUCT_BUNDLE_IDENTIFIER = com.ebookconverter.vbkbrowserwk;
				PRODUCT_NAME = "$(TARGET_NAME)";
			};
			name = Debug;
		};
		00872C671EC2245C00542D22 /* Release */ = {
			isa = XCBuildConfiguration;
			buildSettings = {
				ASSETCATALOG_COMPILER_APPICON_NAME = AppIcon;
				CLANG_ENABLE_OBJC_ARC = YES;
				CODE_SIGN_ENTITLEMENTS = "VitalSource DownloaderRelease.entitlements";
				CODE_SIGN_IDENTITY = "Developer ID Application: WENQIAN Pan (L7JSV82XX3)";
				COMBINE_HIDPI_IMAGES = YES;
				DEVELOPMENT_TEAM = L7JSV82XX3;
				ENABLE_HARDENED_RUNTIME = YES;
				FRAMEWORK_SEARCH_PATHS = (
					"$(inherited)",
					"$(PROJECT_DIR)/vbkbrowser",
					"$(PROJECT_DIR)/vbkbrowser/zip",
				);
				INFOPLIST_FILE = vbkbrowser/Info.plist;
				LD_RUNPATH_SEARCH_PATHS = "$(inherited) @executable_path/../Frameworks";
				MACOSX_DEPLOYMENT_TARGET = 10.13;
				PRODUCT_BUNDLE_IDENTIFIER = com.ebookconverter.vbkbrowserwk;
				PRODUCT_NAME = "$(TARGET_NAME)";
			};
			name = Release;
		};
/* End XCBuildConfiguration section */

/* Begin XCConfigurationList section */
		00872C4F1EC2245B00542D22 /* Build configuration list for PBXProject "vbkbrowser" */ = {
			isa = XCConfigurationList;
			buildConfigurations = (
				00872C631EC2245C00542D22 /* Debug */,
				00872C641EC2245C00542D22 /* Release */,
			);
			defaultConfigurationIsVisible = 0;
			defaultConfigurationName = Release;
		};
		00872C651EC2245C00542D22 /* Build configuration list for PBXNativeTarget "VitalSource Downloader" */ = {
			isa = XCConfigurationList;
			buildConfigurations = (
				00872C661EC2245C00542D22 /* Debug */,
				00872C671EC2245C00542D22 /* Release */,
			);
			defaultConfigurationIsVisible = 0;
			defaultConfigurationName = Release;
		};
/* End XCConfigurationList section */
	};
	rootObject = 00872C4C1EC2245B00542D22 /* Project object */;
}
